{
  "name": "kochanowski",
  "version": "0.6.0",
  "lockfileVersion": 3,
  "requires": true,
  "packages": {
    "": {
      "name": "kochanowski",
      "version": "0.6.0",
      "license": "GPL-3.0",
      "dependencies": {
        "same-stem": "^1.0.3"
      },
      "bin": {
        "kochanowski": "dist/src/cli.js"
      },
      "devDependencies": {
        "@types/node": "^22.9.3",
        "typescript": "^5.7.2"
      }
    },
    "node_modules/@types/node": {
      "version": "22.9.3",
      "resolved": "https://registry.npmjs.org/@types/node/-/node-22.9.3.tgz",
      "integrity": "sha512-F3u1fs/fce3FFk+DAxbxc78DF8x0cY09RRL8GnXLmkJ1jvx3TtPdWoTT5/NiYfI5ASqXBmfqJi9dZ3gxMx4lzw==",
      "dev": true,
      "license": "MIT",
      "dependencies": {
        "undici-types": "~6.19.8"
      }
    },
    "node_modules/same-stem": {
      "version": "1.0.3",
      "resolved": "https://registry.npmjs.org/same-stem/-/same-stem-1.0.3.tgz",
      "integrity": "sha512-4yBDljQ45gCtNzPBSW95LFMJ4MK4iyCFYwS/ixc+ApuD4sUeVgdvDj6I8AJdvArPMkzDMwoYALuAjefJX4kq2A==",
      "license": "MIT"
    },
    "node_modules/typescript": {
      "version": "5.7.2",
      "resolved": "https://registry.npmjs.org/typescript/-/typescript-5.7.2.tgz",
      "integrity": "sha512-i5t66RHxDvVN40HfDd1PsEThGNnlMCMT3jMUuoh9/0TaqWevNontacunWyN02LA9/fIbEWlcHZcgTKb9QoaLfg==",
      "dev": true,
      "license": "Apache-2.0",
      "bin": {
        "tsc": "bin/tsc",
        "tsserver": "bin/tsserver"
      },
      "engines": {
        "node": ">=14.17"
      }
    },
    "node_modules/undici-types": {
      "version": "6.19.8",
      "resolved": "https://registry.npmjs.org/undici-types/-/undici-types-6.19.8.tgz",
      "integrity": "sha512-ve2KP6f/JnbPBFyobGHuerC9g1FYGn/F8n1LWTwNxCEzd6IfqTwUQcNXgEtmmQ6DlRrC1hrSrBnCZPokRrDHjw==",
      "dev": true,
      "license": "MIT"
    }
  }
}
